// !$*UTF8*$!
{
	archiveVersion = 1;
	classes = {
	};
	objectVersion = 46;
	objects = {

/* Begin PBXBuildFile section */
		CE876C221EA87F4300425486 /* AppDelegate.swift in Sources */ = {isa = PBXBuildFile; fileRef = CE876C211EA87F4300425486 /* AppDelegate.swift */; };
		CE876C241EA87F4300425486 /* ViewController.swift in Sources */ = {isa = PBXBuildFile; fileRef = CE876C231EA87F4300425486 /* ViewController.swift */; };
		CE876C271EA87F4300425486 /* Main.storyboard in Resources */ = {isa = PBXBuildFile; fileRef = CE876C251EA87F4300425486 /* Main.storyboard */; };
		CE876C291EA87F4300425486 /* Assets.xcassets in Resources */ = {isa = PBXBuildFile; fileRef = CE876C281EA87F4300425486 /* Assets.xcassets */; };
		CE876C2C1EA87F4300425486 /* LaunchScreen.storyboard in Resources */ = {isa = PBXBuildFile; fileRef = CE876C2A1EA87F4300425486 /* LaunchScreen.storyboard */; };
		CE876C371EA87F4300425486 /* TestSwiftUITests.swift in Sources */ = {isa = PBXBuildFile; fileRef = CE876C361EA87F4300425486 /* TestSwiftUITests.swift */; };
		CE876C421EA87F4300425486 /* TestSwiftUIUITests.swift in Sources */ = {isa = PBXBuildFile; fileRef = CE876C411EA87F4300425486 /* TestSwiftUIUITests.swift */; };
/* End PBXBuildFile section */

/* Begin PBXContainerItemProxy section */
		CE876C331EA87F4300425486 /* PBXContainerItemProxy */ = {
			isa = PBXContainerItemProxy;
			containerPortal = CE876C161EA87F4300425486 /* Project object */;
			proxyType = 1;
			remoteGlobalIDString = CE876C1D1EA87F4300425486;
			remoteInfo = TestSwiftUI;
		};
		CE876C3E1EA87F4300425486 /* PBXContainerItemProxy */ = {
			isa = PBXContainerItemProxy;
			containerPortal = CE876C161EA87F4300425486 /* Project object */;
			proxyType = 1;
			remoteGlobalIDString = CE876C1D1EA87F4300425486;
			remoteInfo = TestSwiftUI;
		};
/* End PBXContainerItemProxy section */

/* Begin PBXFileReference section */
		CE876C1E1EA87F4300425486 /* TestSwiftUI.app */ = {isa = PBXFileReference; explicitFileType = wrapper.application; includeInIndex = 0; path = TestSwiftUI.app; sourceTree = BUILT_PRODUCTS_DIR; };
		CE876C211EA87F4300425486 /* AppDelegate.swift */ = {isa = PBXFileReference; lastKnownFileType = sourcecode.swift; path = AppDelegate.swift; sourceTree = "<group>"; };
		CE876C231EA87F4300425486 /* ViewController.swift */ = {isa = PBXFileReference; lastKnownFileType = sourcecode.swift; path = ViewController.swift; sourceTree = "<group>"; };
		CE876C261EA87F4300425486 /* Base */ = {isa = PBXFileReference; lastKnownFileType = file.storyboard; name = Base; path = Base.lproj/Main.storyboard; sourceTree = "<group>"; };
		CE876C281EA87F4300425486 /* Assets.xcassets */ = {isa = PBXFileReference; lastKnownFileType = folder.assetcatalog; path = Assets.xcassets; sourceTree = "<group>"; };
		CE876C2B1EA87F4300425486 /* Base */ = {isa = PBXFileReference; lastKnownFileType = file.storyboard; name = Base; path = Base.lproj/LaunchScreen.storyboard; sourceTree = "<group>"; };
		CE876C2D1EA87F4300425486 /* Info.plist */ = {isa = PBXFileReference; lastKnownFileType = text.plist.xml; path = Info.plist; sourceTree = "<group>"; };
		CE876C321EA87F4300425486 /* TestSwiftUITests.xctest */ = {isa = PBXFileReference; explicitFileType = wrapper.cfbundle; includeInIndex = 0; path = TestSwiftUITests.xctest; sourceTree = BUILT_PRODUCTS_DIR; };
		CE876C361EA87F4300425486 /* TestSwiftUITests.swift */ = {isa = PBXFileReference; lastKnownFileType = sourcecode.swift; path = TestSwiftUITests.swift; sourceTree = "<group>"; };
		CE876C381EA87F4300425486 /* Info.plist */ = {isa = PBXFileReference; lastKnownFileType = text.plist.xml; path = Info.plist; sourceTree = "<group>"; };
		CE876C3D1EA87F4300425486 /* TestSwiftUIUITests.xctest */ = {isa = PBXFileReference; explicitFileType = wrapper.cfbundle; includeInIndex = 0; path = TestSwiftUIUITests.xctest; sourceTree = BUILT_PRODUCTS_DIR; };
		CE876C411EA87F4300425486 /* TestSwiftUIUITests.swift */ = {isa = PBXFileReference; lastKnownFileType = sourcecode.swift; path = TestSwiftUIUITests.swift; sourceTree = "<group>"; };
		CE876C431EA87F4300425486 /* Info.plist */ = {isa = PBXFileReference; lastKnownFileType = text.plist.xml; path = Info.plist; sourceTree = "<group>"; };
/* End PBXFileReference section */

/* Begin PBXFrameworksBuildPhase section */
		CE876C1B1EA87F4300425486 /* Frameworks */ = {
			isa = PBXFrameworksBuildPhase;
			buildActionMask = 2147483647;
			files = (
			);
			runOnlyForDeploymentPostprocessing = 0;
		};
		CE876C2F1EA87F4300425486 /* Frameworks */ = {
			isa = PBXFrameworksBuildPhase;
			buildActionMask = 2147483647;
			files = (
			);
			runOnlyForDeploymentPostprocessing = 0;
		};
		CE876C3A1EA87F4300425486 /* Frameworks */ = {
			isa = PBXFrameworksBuildPhase;
			buildActionMask = 2147483647;
			files = (
			);
			runOnlyForDeploymentPostprocessing = 0;
		};
/* End PBXFrameworksBuildPhase section */

/* Begin PBXGroup section */
		CE876C151EA87F4300425486 = {
			isa = PBXGroup;
			children = (
				CE876C201EA87F4300425486 /* TestSwiftUI */,
				CE876C351EA87F4300425486 /* TestSwiftUITests */,
				CE876C401EA87F4300425486 /* TestSwiftUIUITests */,
				CE876C1F1EA87F4300425486 /* Products */,
			);
			sourceTree = "<group>";
		};
		CE876C1F1EA87F4300425486 /* Products */ = {
			isa = PBXGroup;
			children = (
				CE876C1E1EA87F4300425486 /* TestSwiftUI.app */,
				CE876C321EA87F4300425486 /* TestSwiftUITests.xctest */,
				CE876C3D1EA87F4300425486 /* TestSwiftUIUITests.xctest */,
			);
			name = Products;
			sourceTree = "<group>";
		};
		CE876C201EA87F4300425486 /* TestSwiftUI */ = {
			isa = PBXGroup;
			children = (
				CE876C211EA87F4300425486 /* AppDelegate.swift */,
				CE876C231EA87F4300425486 /* ViewController.swift */,
				CE876C251EA87F4300425486 /* Main.storyboard */,
				CE876C281EA87F4300425486 /* Assets.xcassets */,
				CE876C2A1EA87F4300425486 /* LaunchScreen.storyboard */,
				CE876C2D1EA87F4300425486 /* Info.plist */,
			);
			path = TestSwiftUI;
			sourceTree = "<group>";
		};
		CE876C351EA87F4300425486 /* TestSwiftUITests */ = {
			isa = PBXGroup;
			children = (
				CE876C361EA87F4300425486 /* TestSwiftUITests.swift */,
				CE876C381EA87F4300425486 /* Info.plist */,
			);
			path = TestSwiftUITests;
			sourceTree = "<group>";
		};
		CE876C401EA87F4300425486 /* TestSwiftUIUITests */ = {
			isa = PBXGroup;
			children = (
				CE876C411EA87F4300425486 /* TestSwiftUIUITests.swift */,
				CE876C431EA87F4300425486 /* Info.plist */,
			);
			path = TestSwiftUIUITests;
			sourceTree = "<group>";
		};
/* End PBXGroup section */

/* Begin PBXNativeTarget section */
		CE876C1D1EA87F4300425486 /* TestSwiftUI */ = {
			isa = PBXNativeTarget;
			buildConfigurationList = CE876C461EA87F4300425486 /* Build configuration list for PBXNativeTarget "TestSwiftUI" */;
			buildPhases = (
				CE876C1A1EA87F4300425486 /* Sources */,
				CE876C1B1EA87F4300425486 /* Frameworks */,
				CE876C1C1EA87F4300425486 /* Resources */,
			);
			buildRules = (
			);
			dependencies = (
			);
			name = TestSwiftUI;
			productName = TestSwiftUI;
			productReference = CE876C1E1EA87F4300425486 /* TestSwiftUI.app */;
			productType = "com.apple.product-type.application";
		};
		CE876C311EA87F4300425486 /* TestSwiftUITests */ = {
			isa = PBXNativeTarget;
			buildConfigurationList = CE876C491EA87F4300425486 /* Build configuration list for PBXNativeTarget "TestSwiftUITests" */;
			buildPhases = (
				CE876C2E1EA87F4300425486 /* Sources */,
				CE876C2F1EA87F4300425486 /* Frameworks */,
				CE876C301EA87F4300425486 /* Resources */,
			);
			buildRules = (
			);
			dependencies = (
				CE876C341EA87F4300425486 /* PBXTargetDependency */,
			);
			name = TestSwiftUITests;
			productName = TestSwiftUITests;
			productReference = CE876C321EA87F4300425486 /* TestSwiftUITests.xctest */;
			productType = "com.apple.product-type.bundle.unit-test";
		};
		CE876C3C1EA87F4300425486 /* TestSwiftUIUITests */ = {
			isa = PBXNativeTarget;
			buildConfigurationList = CE876C4C1EA87F4300425486 /* Build configuration list for PBXNativeTarget "TestSwiftUIUITests" */;
			buildPhases = (
				CE876C391EA87F4300425486 /* Sources */,
				CE876C3A1EA87F4300425486 /* Frameworks */,
				CE876C3B1EA87F4300425486 /* Resources */,
			);
			buildRules = (
			);
			dependencies = (
				CE876C3F1EA87F4300425486 /* PBXTargetDependency */,
			);
			name = TestSwiftUIUITests;
			productName = TestSwiftUIUITests;
			productReference = CE876C3D1EA87F4300425486 /* TestSwiftUIUITests.xctest */;
			productType = "com.apple.product-type.bundle.ui-testing";
		};
/* End PBXNativeTarget section */

/* Begin PBXProject section */
		CE876C161EA87F4300425486 /* Project object */ = {
			isa = PBXProject;
			attributes = {
				LastSwiftUpdateCheck = 0830;
				LastUpgradeCheck = 0830;
				ORGANIZATIONNAME = "Annie Hou";
				TargetAttributes = {
					CE876C1D1EA87F4300425486 = {
						CreatedOnToolsVersion = 8.3.1;
						ProvisioningStyle = Automatic;
					};
					CE876C311EA87F4300425486 = {
						CreatedOnToolsVersion = 8.3.1;
						ProvisioningStyle = Automatic;
						TestTargetID = CE876C1D1EA87F4300425486;
					};
					CE876C3C1EA87F4300425486 = {
						CreatedOnToolsVersion = 8.3.1;
						ProvisioningStyle = Automatic;
						TestTargetID = CE876C1D1EA87F4300425486;
					};
				};
			};
			buildConfigurationList = CE876C191EA87F4300425486 /* Build configuration list for PBXProject "TestSwiftUI" */;
			compatibilityVersion = "Xcode 3.2";
			developmentRegion = English;
			hasScannedForEncodings = 0;
			knownRegions = (
				en,
				Base,
			);
			mainGroup = CE876C151EA87F4300425486;
			productRefGroup = CE876C1F1EA87F4300425486 /* Products */;
			projectDirPath = "";
			projectRoot = "";
			targets = (
				CE876C1D1EA87F4300425486 /* TestSwiftUI */,
				CE876C311EA87F4300425486 /* TestSwiftUITests */,
				CE876C3C1EA87F4300425486 /* TestSwiftUIUITests */,
			);
		};
/* End PBXProject section */

/* Begin PBXResourcesBuildPhase section */
		CE876C1C1EA87F4300425486 /* Resources */ = {
			isa = PBXResourcesBuildPhase;
			buildActionMask = 2147483647;
			files = (
				CE876C2C1EA87F4300425486 /* LaunchScreen.storyboard in Resources */,
				CE876C291EA87F4300425486 /* Assets.xcassets in Resources */,
				CE876C271EA87F4300425486 /* Main.storyboard in Resources */,
			);
			runOnlyForDeploymentPostprocessing = 0;
		};
		CE876C301EA87F4300425486 /* Resources */ = {
			isa = PBXResourcesBuildPhase;
			buildActionMask = 2147483647;
			files = (
			);
			runOnlyForDeploymentPostprocessing = 0;
		};
		CE876C3B1EA87F4300425486 /* Resources */ = {
			isa = PBXResourcesBuildPhase;
			buildActionMask = 2147483647;
			files = (
			);
			runOnlyForDeploymentPostprocessing = 0;
		};
/* End PBXResourcesBuildPhase section */

/* Begin PBXSourcesBuildPhase section */
		CE876C1A1EA87F4300425486 /* Sources */ = {
			isa = PBXSourcesBuildPhase;
			buildActionMask = 2147483647;
			files = (
				CE876C241EA87F4300425486 /* ViewController.swift in Sources */,
				CE876C221EA87F4300425486 /* AppDelegate.swift in Sources */,
			);
			runOnlyForDeploymentPostprocessing = 0;
		};
		CE876C2E1EA87F4300425486 /* Sources */ = {
			isa = PBXSourcesBuildPhase;
			buildActionMask = 2147483647;
			files = (
				CE876C371EA87F4300425486 /* TestSwiftUITests.swift in Sources */,
			);
			runOnlyForDeploymentPostprocessing = 0;
		};
		CE876C391EA87F4300425486 /* Sources */ = {
			isa = PBXSourcesBuildPhase;
			buildActionMask = 2147483647;
			files = (
				CE876C421EA87F4300425486 /* TestSwiftUIUITests.swift in Sources */,
			);
			runOnlyForDeploymentPostprocessing = 0;
		};
/* End PBXSourcesBuildPhase section */

/* Begin PBXTargetDependency section */
		CE876C341EA87F4300425486 /* PBXTargetDependency */ = {
			isa = PBXTargetDependency;
			target = CE876C1D1EA87F4300425486 /* TestSwiftUI */;
			targetProxy = CE876C331EA87F4300425486 /* PBXContainerItemProxy */;
		};
		CE876C3F1EA87F4300425486 /* PBXTargetDependency */ = {
			isa = PBXTargetDependency;
			target = CE876C1D1EA87F4300425486 /* TestSwiftUI */;
			targetProxy = CE876C3E1EA87F4300425486 /* PBXContainerItemProxy */;
		};
/* End PBXTargetDependency section */

/* Begin PBXVariantGroup section */
		CE876C251EA87F4300425486 /* Main.storyboard */ = {
			isa = PBXVariantGroup;
			children = (
				CE876C261EA87F4300425486 /* Base */,
			);
			name = Main.storyboard;
			sourceTree = "<group>";
		};
		CE876C2A1EA87F4300425486 /* LaunchScreen.storyboard */ = {
			isa = PBXVariantGroup;
			children = (
				CE876C2B1EA87F4300425486 /* Base */,
			);
			name = LaunchScreen.storyboard;
			sourceTree = "<group>";
		};
/* End PBXVariantGroup section */

/* Begin XCBuildConfiguration section */
		CE876C441EA87F4300425486 /* Debug */ = {
			isa = XCBuildConfiguration;
			buildSettings = {
				ALWAYS_SEARCH_USER_PATHS = NO;
				CLANG_ANALYZER_NONNULL = YES;
				CLANG_ANALYZER_NUMBER_OBJECT_CONVERSION = YES_AGGRESSIVE;
				CLANG_CXX_LANGUAGE_STANDARD = "gnu++0x";
				CLANG_CXX_LIBRARY = "libc++";
				CLANG_ENABLE_MODULES = YES;
				CLANG_ENABLE_OBJC_ARC = YES;
				CLANG_WARN_BOOL_CONVERSION = YES;
				CLANG_WARN_CONSTANT_CONVERSION = YES;
				CLANG_WARN_DIRECT_OBJC_ISA_USAGE = YES_ERROR;
				CLANG_WARN_DOCUMENTATION_COMMENTS = YES;
				CLANG_WARN_EMPTY_BODY = YES;
				CLANG_WARN_ENUM_CONVERSION = YES;
				CLANG_WARN_INFINITE_RECURSION = YES;
				CLANG_WARN_INT_CONVERSION = YES;
				CLANG_WARN_OBJC_ROOT_CLASS = YES_ERROR;
				CLANG_WARN_SUSPICIOUS_MOVE = YES;
				CLANG_WARN_UNREACHABLE_CODE = YES;
				CLANG_WARN__DUPLICATE_METHOD_MATCH = YES;
				"CODE_SIGN_IDENTITY[sdk=iphoneos*]" = "iPhone Developer";
				COPY_PHASE_STRIP = NO;
				DEBUG_INFORMATION_FORMAT = dwarf;
				ENABLE_STRICT_OBJC_MSGSEND = YES;
				ENABLE_TESTABILITY = YES;
				GCC_C_LANGUAGE_STANDARD = gnu99;
				GCC_DYNAMIC_NO_PIC = NO;
				GCC_NO_COMMON_BLOCKS = YES;
				GCC_OPTIMIZATION_LEVEL = 0;
				GCC_PREPROCESSOR_DEFINITIONS = (
					"DEBUG=1",
					"$(inherited)",
				);
				GCC_WARN_64_TO_32_BIT_CONVERSION = YES;
				GCC_WARN_ABOUT_RETURN_TYPE = YES_ERROR;
				GCC_WARN_UNDECLARED_SELECTOR = YES;
				GCC_WARN_UNINITIALIZED_AUTOS = YES_AGGRESSIVE;
				GCC_WARN_UNUSED_FUNCTION = YES;
				GCC_WARN_UNUSED_VARIABLE = YES;
				IPHONEOS_DEPLOYMENT_TARGET = 10.3;
				MTL_ENABLE_DEBUG_INFO = YES;
				ONLY_ACTIVE_ARCH = YES;
				SDKROOT = iphoneos;
				SWIFT_ACTIVE_COMPILATION_CONDITIONS = DEBUG;
				SWIFT_OPTIMIZATION_LEVEL = "-Onone";
				TARGETED_DEVICE_FAMILY = "1,2";
			};
			name = Debug;
		};
		CE876C451EA87F4300425486 /* Release */ = {
			isa = XCBuildConfiguration;
			buildSettings = {
				ALWAYS_SEARCH_USER_PATHS = NO;
				CLANG_ANALYZER_NONNULL = YES;
				CLANG_ANALYZER_NUMBER_OBJECT_CONVERSION = YES_AGGRESSIVE;
				CLANG_CXX_LANGUAGE_STANDARD = "gnu++0x";
				CLANG_CXX_LIBRARY = "libc++";
				CLANG_ENABLE_MODULES = YES;
				CLANG_ENABLE_OBJC_ARC = YES;
				CLANG_WARN_BOOL_CONVERSION = YES;
				CLANG_WARN_CONSTANT_CONVERSION = YES;
				CLANG_WARN_DIRECT_OBJC_ISA_USAGE = YES_ERROR;
				CLANG_WARN_DOCUMENTATION_COMMENTS = YES;
				CLANG_WARN_EMPTY_BODY = YES;
				CLANG_WARN_ENUM_CONVERSION = YES;
				CLANG_WARN_INFINITE_RECURSION = YES;
				CLANG_WARN_INT_CONVERSION = YES;
				CLANG_WARN_OBJC_ROOT_CLASS = YES_ERROR;
				CLANG_WARN_SUSPICIOUS_MOVE = YES;
				CLANG_WARN_UNREACHABLE_CODE = YES;
				CLANG_WARN__DUPLICATE_METHOD_MATCH = YES;
				"CODE_SIGN_IDENTITY[sdk=iphoneos*]" = "iPhone Developer";
				COPY_PHASE_STRIP = NO;
				DEBUG_INFORMATION_FORMAT = "dwarf-with-dsym";
				ENABLE_NS_ASSERTIONS = NO;
				ENABLE_STRICT_OBJC_MSGSEND = YES;
				GCC_C_LANGUAGE_STANDARD = gnu99;
				GCC_NO_COMMON_BLOCKS = YES;
				GCC_WARN_64_TO_32_BIT_CONVERSION = YES;
				GCC_WARN_ABOUT_RETURN_TYPE = YES_ERROR;
				GCC_WARN_UNDECLARED_SELECTOR = YES;
				GCC_WARN_UNINITIALIZED_AUTOS = YES_AGGRESSIVE;
				GCC_WARN_UNUSED_FUNCTION = YES;
				GCC_WARN_UNUSED_VARIABLE = YES;
				IPHONEOS_DEPLOYMENT_TARGET = 10.3;
				MTL_ENABLE_DEBUG_INFO = NO;
				SDKROOT = iphoneos;
				SWIFT_OPTIMIZATION_LEVEL = "-Owholemodule";
				TARGETED_DEVICE_FAMILY = "1,2";
				VALIDATE_PRODUCT = YES;
			};
			name = Release;
		};
		CE876C471EA87F4300425486 /* Debug */ = {
			isa = XCBuildConfiguration;
			buildSettings = {
				ASSETCATALOG_COMPILER_APPICON_NAME = AppIcon;
				INFOPLIST_FILE = TestSwiftUI/Info.plist;
				LD_RUNPATH_SEARCH_PATHS = "$(inherited) @executable_path/Frameworks";
				PRODUCT_BUNDLE_IDENTIFIER = com.AnnieHou.TestSwiftUI;
				PRODUCT_NAME = "$(TARGET_NAME)";
				SWIFT_VERSION = 3.0;
			};
			name = Debug;
		};
		CE876C481EA87F4300425486 /* Release */ = {
			isa = XCBuildConfiguration;
			buildSettings = {
				ASSETCATALOG_COMPILER_APPICON_NAME = AppIcon;
				INFOPLIST_FILE = TestSwiftUI/Info.plist;
				LD_RUNPATH_SEARCH_PATHS = "$(inherited) @executable_path/Frameworks";
				PRODUCT_BUNDLE_IDENTIFIER = com.AnnieHou.TestSwiftUI;
				PRODUCT_NAME = "$(TARGET_NAME)";
				SWIFT_VERSION = 3.0;
			};
			name = Release;
		};
		CE876C4A1EA87F4300425486 /* Debug */ = {
			isa = XCBuildConfiguration;
			buildSettings = {
				ALWAYS_EMBED_SWIFT_STANDARD_LIBRARIES = YES;
				BUNDLE_LOADER = "$(TEST_HOST)";
				INFOPLIST_FILE = TestSwiftUITests/Info.plist;
				LD_RUNPATH_SEARCH_PATHS = "$(inherited) @executable_path/Frameworks @loader_path/Frameworks";
				PRODUCT_BUNDLE_IDENTIFIER = com.AnnieHou.TestSwiftUITests;
				PRODUCT_NAME = "$(TARGET_NAME)";
				SWIFT_VERSION = 3.0;
				TEST_HOST = "$(BUILT_PRODUCTS_DIR)/TestSwiftUI.app/TestSwiftUI";
			};
			name = Debug;
		};
		CE876C4B1EA87F4300425486 /* Release */ = {
			isa = XCBuildConfiguration;
			buildSettings = {
				ALWAYS_EMBED_SWIFT_STANDARD_LIBRARIES = YES;
				BUNDLE_LOADER = "$(TEST_HOST)";
				INFOPLIST_FILE = TestSwiftUITests/Info.plist;
				LD_RUNPATH_SEARCH_PATHS = "$(inherited) @executable_path/Frameworks @loader_path/Frameworks";
				PRODUCT_BUNDLE_IDENTIFIER = com.AnnieHou.TestSwiftUITests;
				PRODUCT_NAME = "$(TARGET_NAME)";
				SWIFT_VERSION = 3.0;
				TEST_HOST = "$(BUILT_PRODUCTS_DIR)/TestSwiftUI.app/TestSwiftUI";
			};
			name = Release;
		};
		CE876C4D1EA87F4300425486 /* Debug */ = {
			isa = XCBuildConfiguration;
			buildSettings = {
				ALWAYS_EMBED_SWIFT_STANDARD_LIBRARIES = YES;
				INFOPLIST_FILE = TestSwiftUIUITests/Info.plist;
				LD_RUNPATH_SEARCH_PATHS = "$(inherited) @executable_path/Frameworks @loader_path/Frameworks";
				PRODUCT_BUNDLE_IDENTIFIER = com.AnnieHou.TestSwiftUIUITests;
				PRODUCT_NAME = "$(TARGET_NAME)";
				SWIFT_VERSION = 3.0;
				TEST_TARGET_NAME = TestSwiftUI;
			};
			name = Debug;
		};
		CE876C4E1EA87F4300425486 /* Release */ = {
			isa = XCBuildConfiguration;
			buildSettings = {
				ALWAYS_EMBED_SWIFT_STANDARD_LIBRARIES = YES;
				INFOPLIST_FILE = TestSwiftUIUITests/Info.plist;
				LD_RUNPATH_SEARCH_PATHS = "$(inherited) @executable_path/Frameworks @loader_path/Frameworks";
				PRODUCT_BUNDLE_IDENTIFIER = com.AnnieHou.TestSwiftUIUITests;
				PRODUCT_NAME = "$(TARGET_NAME)";
				SWIFT_VERSION = 3.0;
				TEST_TARGET_NAME = TestSwiftUI;
			};
			name = Release;
		};
/* End XCBuildConfiguration section */

/* Begin XCConfigurationList section */
		CE876C191EA87F4300425486 /* Build configuration list for PBXProject "TestSwiftUI" */ = {
			isa = XCConfigurationList;
			buildConfigurations = (
				CE876C441EA87F4300425486 /* Debug */,
				CE876C451EA87F4300425486 /* Release */,
			);
			defaultConfigurationIsVisible = 0;
			defaultConfigurationName = Release;
		};
		CE876C461EA87F4300425486 /* Build configuration list for PBXNativeTarget "TestSwiftUI" */ = {
			isa = XCConfigurationList;
			buildConfigurations = (
				CE876C471EA87F4300425486 /* Debug */,
				CE876C481EA87F4300425486 /* Release */,
			);
			defaultConfigurationIsVisible = 0;
		};
		CE876C491EA87F4300425486 /* Build configuration list for PBXNativeTarget "TestSwiftUITests" */ = {
			isa = XCConfigurationList;
			buildConfigurations = (
				CE876C4A1EA87F4300425486 /* Debug */,
				CE876C4B1EA87F4300425486 /* Release */,
			);
			defaultConfigurationIsVisible = 0;
		};
		CE876C4C1EA87F4300425486 /* Build configuration list for PBXNativeTarget "TestSwiftUIUITests" */ = {
			isa = XCConfigurationList;
			buildConfigurations = (
				CE876C4D1EA87F4300425486 /* Debug */,
				CE876C4E1EA87F4300425486 /* Release */,
			);
			defaultConfigurationIsVisible = 0;
		};
/* End XCConfigurationList section */
	};
	rootObject = CE876C161EA87F4300425486 /* Project object */;
}
